{
  "name": "@lukasz-rdzanek/unstuck-ai-toolkit",
  "version": "0.1.0",
  "lockfileVersion": 3,
  "requires": true,
  "packages": {
    "": {
      "name": "@lukasz-rdzanek/unstuck-ai-toolkit",
      "version": "0.1.0",
      "hasInstallScript": true,
      "license": "UNLICENSED",
      "bin": {
        "unstuck-ai-toolkit": "install.js"
      },
      "engines": {
        "node": ">=20"
      }
    }
  }
}
